
Microsoft Visual Studio Solution File, Format Version 12.00
# Visual Studio 15
VisualStudioVersion = 15.0.28307.438
MinimumVisualStudioVersion = 10.0.40219.1
Project("{9A19103F-16F7-4668-BE54-9A1E7A4F7556}") = "WordShift", "WordShift\WordShift.csproj", "{1C2693CB-D866-4080-A39F-557F6DFCFEFB}"
EndProject
Project("{FAE04EC0-301F-11D3-BF4B-00C04F79EFBC}") = "ArrayCompare", "ArrayCompare\ArrayCompare.csproj", "{60EB7DAB-CD7D-4867-BC3E-D028A0E7E0DE}"
EndProject
Global
	GlobalSection(SolutionConfigurationPlatforms) = preSolution
		Debug|Any CPU = Debug|Any CPU
		Release|Any CPU = Release|Any CPU
	EndGlobalSection
	GlobalSection(ProjectConfigurationPlatforms) = postSolution
		{1C2693CB-D866-4080-A39F-557F6DFCFEFB}.Debug|Any CPU.ActiveCfg = Debug|Any CPU
		{1C2693CB-D866-4080-A39F-557F6DFCFEFB}.Debug|Any CPU.Build.0 = Debug|Any CPU
		{1C2693CB-D866-4080-A39F-557F6DFCFEFB}.Release|Any CPU.ActiveCfg = Release|Any CPU
		{1C2693CB-D866-4080-A39F-557F6DFCFEFB}.Release|Any CPU.Build.0 = Release|Any CPU
		{60EB7DAB-CD7D-4867-BC3E-D028A0E7E0DE}.Debug|Any CPU.ActiveCfg = Debug|Any CPU
		{60EB7DAB-CD7D-4867-BC3E-D028A0E7E0DE}.Debug|Any CPU.Build.0 = Debug|Any CPU
		{60EB7DAB-CD7D-4867-BC3E-D028A0E7E0DE}.Release|Any CPU.ActiveCfg = Release|Any CPU
		{60EB7DAB-CD7D-4867-BC3E-D028A0E7E0DE}.Release|Any CPU.Build.0 = Release|Any CPU
	EndGlobalSection
	GlobalSection(SolutionProperties) = preSolution
		HideSolutionNode = FALSE
	EndGlobalSection
	GlobalSection(ExtensibilityGlobals) = postSolution
		SolutionGuid = {DA23B372-3446-4773-B73C-D8D1BF79C8D4}
	EndGlobalSection
EndGlobal
